
Microsoft Visual Studio Solution File, Format Version 12.00
# Visual Studio Version 17
VisualStudioVersion = 17.7.34031.279
MinimumVisualStudioVersion = 10.0.40219.1
Project("{FAE04EC0-301F-11D3-BF4B-00C04F79EFBC}") = "Module8Exercise3", "Module8Exercise3\Module8Exercise3.csproj", "{680EC517-C7F9-4AAD-88E0-DCFC95EC8989}"
EndProject
Global
	GlobalSection(SolutionConfigurationPlatforms) = preSolution
		Debug|Any CPU = Debug|Any CPU
		Release|Any CPU = Release|Any CPU
	EndGlobalSection
	GlobalSection(ProjectConfigurationPlatforms) = postSolution
		{680EC517-C7F9-4AAD-88E0-DCFC95EC8989}.Debug|Any CPU.ActiveCfg = Debug|Any CPU
		{680EC517-C7F9-4AAD-88E0-DCFC95EC8989}.Debug|Any CPU.Build.0 = Debug|Any CPU
		{680EC517-C7F9-4AAD-88E0-DCFC95EC8989}.Release|Any CPU.ActiveCfg = Release|Any CPU
		{680EC517-C7F9-4AAD-88E0-DCFC95EC8989}.Release|Any CPU.Build.0 = Release|Any CPU
	EndGlobalSection
	GlobalSection(SolutionProperties) = preSolution
		HideSolutionNode = FALSE
	EndGlobalSection
	GlobalSection(ExtensibilityGlobals) = postSolution
		SolutionGuid = {8357C2A0-5EFA-4F8A-B40A-0A7BD86BBBEA}
	EndGlobalSection
EndGlobal
